{
  "version": 4,
  "terraform_version": "1.0.9",
  "serial": 211,
  "lineage": "14f35176-5cf0-5a78-fec2-568c08d47d6c",
  "outputs": {},
  "resources": [
    {
      "mode": "data",
      "type": "aws_ami",
      "name": "amazon-2",
      "provider": "provider[\"registry.terraform.io/hashicorp/aws\"]",
      "instances": [
        {
          "schema_version": 0,
          "attributes": {
            "architecture": "x86_64",
            "arn": "arn:aws:ec2:us-west-2::image/ami-0849a313b038afda0",
            "block_device_mappings": [
              {
                "device_name": "/dev/xvda",
                "ebs": {
                  "delete_on_termination": "true",
                  "encrypted": "false",
                  "iops": "0",
                  "snapshot_id": "snap-0e91d5562d39fefca",
                  "throughput": "0",
                  "volume_size": "8",
                  "volume_type": "gp2"
                },
                "no_device": "",
                "virtual_name": ""
              }
            ],
            "creation_date": "2022-12-16T01:56:14.000Z",
            "description": "Amazon Linux 2 AMI 2.0.20221210.1 x86_64 HVM gp2",
            "ena_support": true,
            "executable_users": null,
            "filter": [
              {
                "name": "name",
                "values": [
                  "amzn2-ami-hvm-*-x86_64-gp2"
                ]
              }
            ],
            "hypervisor": "xen",
            "id": "ami-0849a313b038afda0",
            "image_id": "ami-0849a313b038afda0",
            "image_location": "amazon/amzn2-ami-hvm-2.0.20221210.1-x86_64-gp2",
            "image_owner_alias": "amazon",
            "image_type": "machine",
            "kernel_id": null,
            "most_recent": true,
            "name": "amzn2-ami-hvm-2.0.20221210.1-x86_64-gp2",
            "name_regex": null,
            "owner_id": "137112412989",
            "owners": [
              "amazon"
            ],
            "platform": null,
            "platform_details": "Linux/UNIX",
            "product_codes": [],
            "public": true,
            "ramdisk_id": null,
            "root_device_name": "/dev/xvda",
            "root_device_type": "ebs",
            "root_snapshot_id": "snap-0e91d5562d39fefca",
            "sriov_net_support": "simple",
            "state": "available",
            "state_reason": {
              "code": "UNSET",
              "message": "UNSET"
            },
            "tags": {},
            "usage_operation": "RunInstances",
            "virtualization_type": "hvm"
          },
          "sensitive_attributes": []
        }
      ]
    },
    {
      "mode": "managed",
      "type": "aws_ebs_volume",
      "name": "cbdata_import",
      "provider": "provider[\"registry.terraform.io/hashicorp/aws\"]",
      "instances": [
        {
          "schema_version": 0,
          "attributes": {
            "arn": "arn:aws:ec2:us-west-2:756849292726:volume/vol-08669c9af03e2386d",
            "availability_zone": "us-west-2a",
            "encrypted": false,
            "id": "vol-08669c9af03e2386d",
            "iops": 3000,
            "kms_key_id": "",
            "multi_attach_enabled": false,
            "outpost_arn": "",
            "size": 200,
            "snapshot_id": "",
            "tags": {
              "Name": "EBS for Data Parse and Load"
            },
            "tags_all": {
              "Name": "EBS for Data Parse and Load"
            },
            "throughput": 125,
            "type": "gp3"
          },
          "sensitive_attributes": [],
          "private": "bnVsbA=="
        }
      ]
    },
    {
      "mode": "managed",
      "type": "aws_instance",
      "name": "cbimport_server",
      "provider": "provider[\"registry.terraform.io/hashicorp/aws\"]",
      "instances": [
        {
          "schema_version": 1,
          "attributes": {
            "ami": "ami-013a129d325529d4d",
            "arn": "arn:aws:ec2:us-west-2:756849292726:instance/i-040dfb17d57633764",
            "associate_public_ip_address": true,
            "availability_zone": "us-west-2a",
            "capacity_reservation_specification": [
              {
                "capacity_reservation_preference": "open",
                "capacity_reservation_target": []
              }
            ],
            "cpu_core_count": 2,
            "cpu_threads_per_core": 2,
            "credit_specification": [
              {
                "cpu_credits": "unlimited"
              }
            ],
            "disable_api_termination": false,
            "ebs_block_device": [
              {
                "delete_on_termination": false,
                "device_name": "/dev/sdh",
                "encrypted": false,
                "iops": 3000,
                "kms_key_id": "",
                "snapshot_id": "",
                "tags": {
                  "Name": "EBS for Data Parse and Load"
                },
                "throughput": 125,
                "volume_id": "vol-08669c9af03e2386d",
                "volume_size": 200,
                "volume_type": "gp3"
              }
            ],
            "ebs_optimized": false,
            "enclave_options": [
              {
                "enabled": false
              }
            ],
            "ephemeral_block_device": [],
            "get_password_data": false,
            "hibernation": false,
            "host_id": null,
            "iam_instance_profile": "EC2RoleForSSMandS3",
            "id": "i-040dfb17d57633764",
            "instance_initiated_shutdown_behavior": "stop",
            "instance_state": "running",
            "instance_type": "t3.xlarge",
            "ipv6_address_count": 0,
            "ipv6_addresses": [],
            "key_name": "id_rsa",
            "launch_template": [],
            "metadata_options": [
              {
                "http_endpoint": "enabled",
                "http_put_response_hop_limit": 1,
                "http_tokens": "optional",
                "instance_metadata_tags": "disabled"
              }
            ],
            "monitoring": false,
            "network_interface": [],
            "outpost_arn": "",
            "password_data": "",
            "placement_group": "",
            "placement_partition_number": null,
            "primary_network_interface_id": "eni-00b874ef4e8bfcaa2",
            "private_dns": "ip-10-0-1-57.us-west-2.compute.internal",
            "private_ip": "10.0.1.57",
            "public_dns": "ec2-54-71-197-13.us-west-2.compute.amazonaws.com",
            "public_ip": "54.71.197.13",
            "root_block_device": [
              {
                "delete_on_termination": true,
                "device_name": "/dev/xvda",
                "encrypted": false,
                "iops": 100,
                "kms_key_id": "",
                "tags": {},
                "throughput": 0,
                "volume_id": "vol-06e5fb91cc7e7739d",
                "volume_size": 8,
                "volume_type": "gp2"
              }
            ],
            "secondary_private_ips": [],
            "security_groups": [],
            "source_dest_check": true,
            "subnet_id": "subnet-0022c9461552435de",
            "tags": {
              "Environment": "dev",
              "Name": "tf-cb-cbimport",
              "Terraform": "true"
            },
            "tags_all": {
              "Environment": "dev",
              "Name": "tf-cb-cbimport",
              "Terraform": "true"
            },
            "tenancy": "default",
            "timeouts": null,
            "user_data": "faa725096257cfe50b65fdabaebd5ebea5cb9fa9",
            "user_data_base64": null,
            "volume_tags": null,
            "vpc_security_group_ids": [
              "sg-018099eb769b7b3dc",
              "sg-0828d84630fc66db6"
            ]
          },
          "sensitive_attributes": [],
          "private": "eyJlMmJmYjczMC1lY2FhLTExZTYtOGY4OC0zNDM2M2JjN2M0YzAiOnsiY3JlYXRlIjo2MDAwMDAwMDAwMDAsImRlbGV0ZSI6MTIwMDAwMDAwMDAwMCwidXBkYXRlIjo2MDAwMDAwMDAwMDB9LCJzY2hlbWFfdmVyc2lvbiI6IjEifQ==",
          "dependencies": [
            "aws_vpc.tf_main_cb",
            "aws_security_group.allow_tls",
            "aws_security_group.cb_nodes",
            "aws_subnet.tf_main_cb"
          ]
        }
      ]
    },
    {
      "mode": "managed",
      "type": "aws_internet_gateway",
      "name": "gw",
      "provider": "provider[\"registry.terraform.io/hashicorp/aws\"]",
      "instances": [
        {
          "schema_version": 0,
          "attributes": {
            "arn": "arn:aws:ec2:us-west-2:756849292726:internet-gateway/igw-043ad4331a0efc627",
            "id": "igw-043ad4331a0efc627",
            "owner_id": "756849292726",
            "tags": {
              "Name": "tf-main-gw"
            },
            "tags_all": {
              "Name": "tf-main-gw"
            },
            "vpc_id": "vpc-0586dd77144d6fe82"
          },
          "sensitive_attributes": [],
          "private": "bnVsbA==",
          "dependencies": [
            "aws_vpc.tf_main_cb"
          ]
        }
      ]
    },
    {
      "mode": "managed",
      "type": "aws_route53_record",
      "name": "private",
      "provider": "provider[\"registry.terraform.io/hashicorp/aws\"]",
      "instances": [
        {
          "index_key": "cb-index01",
          "schema_version": 2,
          "attributes": {
            "alias": [],
            "allow_overwrite": null,
            "failover_routing_policy": [],
            "fqdn": "cb-index01.sciviz.co",
            "geolocation_routing_policy": [],
            "health_check_id": "",
            "id": "Z0804333XLBETX6UGMYZ_cb-index01_A",
            "latency_routing_policy": [],
            "multivalue_answer_routing_policy": null,
            "name": "cb-index01",
            "records": [
              "10.0.1.73"
            ],
            "set_identifier": "",
            "ttl": 300,
            "type": "A",
            "weighted_routing_policy": [],
            "zone_id": "Z0804333XLBETX6UGMYZ"
          },
          "sensitive_attributes": [],
          "private": "eyJzY2hlbWFfdmVyc2lvbiI6IjIifQ==",
          "dependencies": [
            "aws_route53_zone.private_zone",
            "aws_security_group.allow_tls",
            "aws_security_group.cb_nodes",
            "aws_subnet.tf_main_cb",
            "data.aws_ami.amazon-2",
            "module.ec2_instance.aws_instance.this",
            "module.ec2_instance.aws_spot_instance_request.this"
          ]
        },
        {
          "index_key": "cb-index02",
          "schema_version": 2,
          "attributes": {
            "alias": [],
            "allow_overwrite": null,
            "failover_routing_policy": [],
            "fqdn": "cb-index02.sciviz.co",
            "geolocation_routing_policy": [],
            "health_check_id": "",
            "id": "Z0804333XLBETX6UGMYZ_cb-index02_A",
            "latency_routing_policy": [],
            "multivalue_answer_routing_policy": null,
            "name": "cb-index02",
            "records": [
              "10.0.1.151"
            ],
            "set_identifier": "",
            "ttl": 300,
            "type": "A",
            "weighted_routing_policy": [],
            "zone_id": "Z0804333XLBETX6UGMYZ"
          },
          "sensitive_attributes": [],
          "private": "eyJzY2hlbWFfdmVyc2lvbiI6IjIifQ==",
          "dependencies": [
            "aws_route53_zone.private_zone",
            "aws_security_group.allow_tls",
            "aws_security_group.cb_nodes",
            "aws_subnet.tf_main_cb",
            "data.aws_ami.amazon-2",
            "module.ec2_instance.aws_instance.this",
            "module.ec2_instance.aws_spot_instance_request.this"
          ]
        },
        {
          "index_key": "cb01",
          "schema_version": 2,
          "attributes": {
            "alias": [],
            "allow_overwrite": null,
            "failover_routing_policy": [],
            "fqdn": "cb01.sciviz.co",
            "geolocation_routing_policy": [],
            "health_check_id": "",
            "id": "Z0804333XLBETX6UGMYZ_cb01_A",
            "latency_routing_policy": [],
            "multivalue_answer_routing_policy": null,
            "name": "cb01",
            "records": [
              "10.0.1.215"
            ],
            "set_identifier": "",
            "ttl": 300,
            "type": "A",
            "weighted_routing_policy": [],
            "zone_id": "Z0804333XLBETX6UGMYZ"
          },
          "sensitive_attributes": [],
          "private": "eyJzY2hlbWFfdmVyc2lvbiI6IjIifQ==",
          "dependencies": [
            "aws_route53_zone.private_zone",
            "aws_security_group.allow_tls",
            "aws_security_group.cb_nodes",
            "aws_subnet.tf_main_cb",
            "data.aws_ami.amazon-2",
            "module.ec2_instance.aws_instance.this",
            "module.ec2_instance.aws_spot_instance_request.this"
          ]
        },
        {
          "index_key": "cb02",
          "schema_version": 2,
          "attributes": {
            "alias": [],
            "allow_overwrite": null,
            "failover_routing_policy": [],
            "fqdn": "cb02.sciviz.co",
            "geolocation_routing_policy": [],
            "health_check_id": "",
            "id": "Z0804333XLBETX6UGMYZ_cb02_A",
            "latency_routing_policy": [],
            "multivalue_answer_routing_policy": null,
            "name": "cb02",
            "records": [
              "10.0.1.6"
            ],
            "set_identifier": "",
            "ttl": 300,
            "type": "A",
            "weighted_routing_policy": [],
            "zone_id": "Z0804333XLBETX6UGMYZ"
          },
          "sensitive_attributes": [],
          "private": "eyJzY2hlbWFfdmVyc2lvbiI6IjIifQ==",
          "dependencies": [
            "aws_route53_zone.private_zone",
            "aws_security_group.allow_tls",
            "aws_security_group.cb_nodes",
            "aws_subnet.tf_main_cb",
            "data.aws_ami.amazon-2",
            "module.ec2_instance.aws_instance.this",
            "module.ec2_instance.aws_spot_instance_request.this"
          ]
        },
        {
          "index_key": "cb03",
          "schema_version": 2,
          "attributes": {
            "alias": [],
            "allow_overwrite": null,
            "failover_routing_policy": [],
            "fqdn": "cb03.sciviz.co",
            "geolocation_routing_policy": [],
            "health_check_id": "",
            "id": "Z0804333XLBETX6UGMYZ_cb03_A",
            "latency_routing_policy": [],
            "multivalue_answer_routing_policy": null,
            "name": "cb03",
            "records": [
              "10.0.1.223"
            ],
            "set_identifier": "",
            "ttl": 300,
            "type": "A",
            "weighted_routing_policy": [],
            "zone_id": "Z0804333XLBETX6UGMYZ"
          },
          "sensitive_attributes": [],
          "private": "eyJzY2hlbWFfdmVyc2lvbiI6IjIifQ==",
          "dependencies": [
            "aws_route53_zone.private_zone",
            "aws_security_group.allow_tls",
            "aws_security_group.cb_nodes",
            "aws_subnet.tf_main_cb",
            "data.aws_ami.amazon-2",
            "module.ec2_instance.aws_instance.this",
            "module.ec2_instance.aws_spot_instance_request.this"
          ]
        }
      ]
    },
    {
      "mode": "managed",
      "type": "aws_route53_record",
      "name": "private_cbimport_server",
      "provider": "provider[\"registry.terraform.io/hashicorp/aws\"]",
      "instances": [
        {
          "schema_version": 2,
          "attributes": {
            "alias": [],
            "allow_overwrite": null,
            "failover_routing_policy": [],
            "fqdn": "cb-backup.sciviz.co",
            "geolocation_routing_policy": [],
            "health_check_id": "",
            "id": "Z0804333XLBETX6UGMYZ_cb-backup_CNAME",
            "latency_routing_policy": [],
            "multivalue_answer_routing_policy": null,
            "name": "cb-backup",
            "records": [
              "ip-10-0-1-57.us-west-2.compute.internal"
            ],
            "set_identifier": "",
            "ttl": 300,
            "type": "CNAME",
            "weighted_routing_policy": [],
            "zone_id": "Z0804333XLBETX6UGMYZ"
          },
          "sensitive_attributes": [],
          "private": "eyJzY2hlbWFfdmVyc2lvbiI6IjIifQ==",
          "dependencies": [
            "aws_instance.cbimport_server",
            "aws_route53_zone.private_zone",
            "aws_security_group.allow_tls",
            "aws_security_group.cb_nodes",
            "aws_subnet.tf_main_cb",
            "aws_vpc.tf_main_cb"
          ]
        }
      ]
    },
    {
      "mode": "managed",
      "type": "aws_route53_record",
      "name": "public_cbimport_server",
      "provider": "provider[\"registry.terraform.io/hashicorp/aws\"]",
      "instances": [
        {
          "schema_version": 2,
          "attributes": {
            "alias": [],
            "allow_overwrite": null,
            "failover_routing_policy": [],
            "fqdn": "cb-backup.sciviz.co",
            "geolocation_routing_policy": [],
            "health_check_id": "",
            "id": "Z0216218BVXFGLMIL118_cb-backup_CNAME",
            "latency_routing_policy": [],
            "multivalue_answer_routing_policy": null,
            "name": "cb-backup",
            "records": [
              "ec2-54-71-197-13.us-west-2.compute.amazonaws.com"
            ],
            "set_identifier": "",
            "ttl": 300,
            "type": "CNAME",
            "weighted_routing_policy": [],
            "zone_id": "Z0216218BVXFGLMIL118"
          },
          "sensitive_attributes": [],
          "private": "eyJzY2hlbWFfdmVyc2lvbiI6IjIifQ==",
          "dependencies": [
            "aws_route53_zone.public_zone",
            "aws_security_group.allow_tls",
            "aws_security_group.cb_nodes",
            "aws_subnet.tf_main_cb",
            "aws_vpc.tf_main_cb",
            "aws_instance.cbimport_server"
          ]
        }
      ]
    },
    {
      "mode": "managed",
      "type": "aws_route53_record",
      "name": "public_zone",
      "provider": "provider[\"registry.terraform.io/hashicorp/aws\"]",
      "instances": [
        {
          "index_key": "cb-index01",
          "schema_version": 2,
          "attributes": {
            "alias": [],
            "allow_overwrite": null,
            "failover_routing_policy": [],
            "fqdn": "cb-index01.sciviz.co",
            "geolocation_routing_policy": [],
            "health_check_id": "",
            "id": "Z0216218BVXFGLMIL118_cb-index01_A",
            "latency_routing_policy": [],
            "multivalue_answer_routing_policy": null,
            "name": "cb-index01",
            "records": [
              "35.88.178.99"
            ],
            "set_identifier": "",
            "ttl": 300,
            "type": "A",
            "weighted_routing_policy": [],
            "zone_id": "Z0216218BVXFGLMIL118"
          },
          "sensitive_attributes": [],
          "private": "eyJzY2hlbWFfdmVyc2lvbiI6IjIifQ==",
          "dependencies": [
            "aws_route53_zone.public_zone",
            "aws_security_group.allow_tls",
            "aws_security_group.cb_nodes",
            "aws_subnet.tf_main_cb",
            "data.aws_ami.amazon-2",
            "module.ec2_instance.aws_instance.this",
            "module.ec2_instance.aws_spot_instance_request.this"
          ]
        },
        {
          "index_key": "cb-index02",
          "schema_version": 2,
          "attributes": {
            "alias": [],
            "allow_overwrite": null,
            "failover_routing_policy": [],
            "fqdn": "cb-index02.sciviz.co",
            "geolocation_routing_policy": [],
            "health_check_id": "",
            "id": "Z0216218BVXFGLMIL118_cb-index02_A",
            "latency_routing_policy": [],
            "multivalue_answer_routing_policy": null,
            "name": "cb-index02",
            "records": [
              "52.10.95.115"
            ],
            "set_identifier": "",
            "ttl": 300,
            "type": "A",
            "weighted_routing_policy": [],
            "zone_id": "Z0216218BVXFGLMIL118"
          },
          "sensitive_attributes": [],
          "private": "eyJzY2hlbWFfdmVyc2lvbiI6IjIifQ==",
          "dependencies": [
            "aws_route53_zone.public_zone",
            "aws_security_group.allow_tls",
            "aws_security_group.cb_nodes",
            "aws_subnet.tf_main_cb",
            "data.aws_ami.amazon-2",
            "module.ec2_instance.aws_instance.this",
            "module.ec2_instance.aws_spot_instance_request.this"
          ]
        },
        {
          "index_key": "cb01",
          "schema_version": 2,
          "attributes": {
            "alias": [],
            "allow_overwrite": null,
            "failover_routing_policy": [],
            "fqdn": "cb01.sciviz.co",
            "geolocation_routing_policy": [],
            "health_check_id": "",
            "id": "Z0216218BVXFGLMIL118_cb01_A",
            "latency_routing_policy": [],
            "multivalue_answer_routing_policy": null,
            "name": "cb01",
            "records": [
              "35.91.133.62"
            ],
            "set_identifier": "",
            "ttl": 300,
            "type": "A",
            "weighted_routing_policy": [],
            "zone_id": "Z0216218BVXFGLMIL118"
          },
          "sensitive_attributes": [],
          "private": "eyJzY2hlbWFfdmVyc2lvbiI6IjIifQ==",
          "dependencies": [
            "aws_route53_zone.public_zone",
            "aws_security_group.allow_tls",
            "aws_security_group.cb_nodes",
            "aws_subnet.tf_main_cb",
            "data.aws_ami.amazon-2",
            "module.ec2_instance.aws_instance.this",
            "module.ec2_instance.aws_spot_instance_request.this"
          ]
        },
        {
          "index_key": "cb02",
          "schema_version": 2,
          "attributes": {
            "alias": [],
            "allow_overwrite": null,
            "failover_routing_policy": [],
            "fqdn": "cb02.sciviz.co",
            "geolocation_routing_policy": [],
            "health_check_id": "",
            "id": "Z0216218BVXFGLMIL118_cb02_A",
            "latency_routing_policy": [],
            "multivalue_answer_routing_policy": null,
            "name": "cb02",
            "records": [
              "34.208.217.76"
            ],
            "set_identifier": "",
            "ttl": 300,
            "type": "A",
            "weighted_routing_policy": [],
            "zone_id": "Z0216218BVXFGLMIL118"
          },
          "sensitive_attributes": [],
          "private": "eyJzY2hlbWFfdmVyc2lvbiI6IjIifQ==",
          "dependencies": [
            "aws_route53_zone.public_zone",
            "aws_security_group.allow_tls",
            "aws_security_group.cb_nodes",
            "aws_subnet.tf_main_cb",
            "data.aws_ami.amazon-2",
            "module.ec2_instance.aws_instance.this",
            "module.ec2_instance.aws_spot_instance_request.this"
          ]
        },
        {
          "index_key": "cb03",
          "schema_version": 2,
          "attributes": {
            "alias": [],
            "allow_overwrite": null,
            "failover_routing_policy": [],
            "fqdn": "cb03.sciviz.co",
            "geolocation_routing_policy": [],
            "health_check_id": "",
            "id": "Z0216218BVXFGLMIL118_cb03_A",
            "latency_routing_policy": [],
            "multivalue_answer_routing_policy": null,
            "name": "cb03",
            "records": [
              "34.221.79.133"
            ],
            "set_identifier": "",
            "ttl": 300,
            "type": "A",
            "weighted_routing_policy": [],
            "zone_id": "Z0216218BVXFGLMIL118"
          },
          "sensitive_attributes": [],
          "private": "eyJzY2hlbWFfdmVyc2lvbiI6IjIifQ==",
          "dependencies": [
            "aws_route53_zone.public_zone",
            "aws_security_group.allow_tls",
            "aws_security_group.cb_nodes",
            "aws_subnet.tf_main_cb",
            "data.aws_ami.amazon-2",
            "module.ec2_instance.aws_instance.this",
            "module.ec2_instance.aws_spot_instance_request.this"
          ]
        }
      ]
    },
    {
      "mode": "managed",
      "type": "aws_route53_zone",
      "name": "private_zone",
      "provider": "provider[\"registry.terraform.io/hashicorp/aws\"]",
      "instances": [
        {
          "schema_version": 0,
          "attributes": {
            "arn": "arn:aws:route53:::hostedzone/Z0804333XLBETX6UGMYZ",
            "comment": "Managed by Terraform",
            "delegation_set_id": "",
            "force_destroy": false,
            "id": "Z0804333XLBETX6UGMYZ",
            "name": "sciviz.co",
            "name_servers": [
              "ns-0.awsdns-00.com.",
              "ns-1024.awsdns-00.org.",
              "ns-1536.awsdns-00.co.uk.",
              "ns-512.awsdns-00.net."
            ],
            "tags": {},
            "tags_all": {},
            "vpc": [
              {
                "vpc_id": "vpc-0586dd77144d6fe82",
                "vpc_region": "us-west-2"
              }
            ],
            "zone_id": "Z0804333XLBETX6UGMYZ"
          },
          "sensitive_attributes": [],
          "private": "bnVsbA==",
          "dependencies": [
            "aws_vpc.tf_main_cb"
          ]
        }
      ]
    },
    {
      "mode": "managed",
      "type": "aws_route53_zone",
      "name": "public_zone",
      "provider": "provider[\"registry.terraform.io/hashicorp/aws\"]",
      "instances": [
        {
          "schema_version": 0,
          "attributes": {
            "arn": "arn:aws:route53:::hostedzone/Z0216218BVXFGLMIL118",
            "comment": "Managed by Terraform",
            "delegation_set_id": "",
            "force_destroy": null,
            "id": "Z0216218BVXFGLMIL118",
            "name": "sciviz.co",
            "name_servers": [
              "ns-1472.awsdns-56.org",
              "ns-1849.awsdns-39.co.uk",
              "ns-37.awsdns-04.com",
              "ns-893.awsdns-47.net"
            ],
            "tags": {},
            "tags_all": {},
            "vpc": [],
            "zone_id": "Z0216218BVXFGLMIL118"
          },
          "sensitive_attributes": [],
          "private": "eyJzY2hlbWFfdmVyc2lvbiI6IjAifQ=="
        }
      ]
    },
    {
      "mode": "managed",
      "type": "aws_route_table",
      "name": "example",
      "provider": "provider[\"registry.terraform.io/hashicorp/aws\"]",
      "instances": [
        {
          "schema_version": 0,
          "attributes": {
            "arn": "arn:aws:ec2:us-west-2:756849292726:route-table/rtb-0dd8628ec3b7ada2c",
            "id": "rtb-0dd8628ec3b7ada2c",
            "owner_id": "756849292726",
            "propagating_vgws": [],
            "route": [
              {
                "carrier_gateway_id": "",
                "cidr_block": "0.0.0.0/0",
                "destination_prefix_list_id": "",
                "egress_only_gateway_id": "",
                "gateway_id": "igw-043ad4331a0efc627",
                "instance_id": "",
                "ipv6_cidr_block": "",
                "local_gateway_id": "",
                "nat_gateway_id": "",
                "network_interface_id": "",
                "transit_gateway_id": "",
                "vpc_endpoint_id": "",
                "vpc_peering_connection_id": ""
              }
            ],
            "tags": {
              "Name": "tf-example-route"
            },
            "tags_all": {
              "Name": "tf-example-route"
            },
            "timeouts": null,
            "vpc_id": "vpc-0586dd77144d6fe82"
          },
          "sensitive_attributes": [],
          "private": "eyJlMmJmYjczMC1lY2FhLTExZTYtOGY4OC0zNDM2M2JjN2M0YzAiOnsiY3JlYXRlIjozMDAwMDAwMDAwMDAsImRlbGV0ZSI6MzAwMDAwMDAwMDAwLCJ1cGRhdGUiOjEyMDAwMDAwMDAwMH19",
          "dependencies": [
            "aws_internet_gateway.gw",
            "aws_vpc.tf_main_cb"
          ]
        }
      ]
    },
    {
      "mode": "managed",
      "type": "aws_route_table_association",
      "name": "a",
      "provider": "provider[\"registry.terraform.io/hashicorp/aws\"]",
      "instances": [
        {
          "schema_version": 0,
          "attributes": {
            "gateway_id": "",
            "id": "rtbassoc-0036c3d9ec454f463",
            "route_table_id": "rtb-0dd8628ec3b7ada2c",
            "subnet_id": "subnet-0022c9461552435de"
          },
          "sensitive_attributes": [],
          "private": "bnVsbA==",
          "dependencies": [
            "aws_internet_gateway.gw",
            "aws_route_table.example",
            "aws_subnet.tf_main_cb",
            "aws_vpc.tf_main_cb"
          ]
        }
      ]
    },
    {
      "mode": "managed",
      "type": "aws_security_group",
      "name": "allow_tls",
      "provider": "provider[\"registry.terraform.io/hashicorp/aws\"]",
      "instances": [
        {
          "schema_version": 1,
          "attributes": {
            "arn": "arn:aws:ec2:us-west-2:756849292726:security-group/sg-0828d84630fc66db6",
            "description": "Allow TLS inbound traffic",
            "egress": [
              {
                "cidr_blocks": [
                  "0.0.0.0/0"
                ],
                "description": "TLS from VPC",
                "from_port": 0,
                "ipv6_cidr_blocks": [
                  "::/0"
                ],
                "prefix_list_ids": [],
                "protocol": "-1",
                "security_groups": [],
                "self": false,
                "to_port": 0
              }
            ],
            "id": "sg-0828d84630fc66db6",
            "ingress": [
              {
                "cidr_blocks": [
                  "0.0.0.0/0"
                ],
                "description": "HTTP from Everywhere",
                "from_port": 80,
                "ipv6_cidr_blocks": [],
                "prefix_list_ids": [],
                "protocol": "tcp",
                "security_groups": [],
                "self": false,
                "to_port": 80
              },
              {
                "cidr_blocks": [
                  "0.0.0.0/0"
                ],
                "description": "SSH from Everywhere",
                "from_port": 22,
                "ipv6_cidr_blocks": [],
                "prefix_list_ids": [],
                "protocol": "tcp",
                "security_groups": [],
                "self": false,
                "to_port": 22
              },
              {
                "cidr_blocks": [
                  "10.0.0.0/16"
                ],
                "description": "TLS from VPC",
                "from_port": 443,
                "ipv6_cidr_blocks": [],
                "prefix_list_ids": [],
                "protocol": "tcp",
                "security_groups": [],
                "self": false,
                "to_port": 443
              }
            ],
            "name": "allow_tls",
            "name_prefix": "",
            "owner_id": "756849292726",
            "revoke_rules_on_delete": false,
            "tags": {
              "Name": "tf_allow_tls"
            },
            "tags_all": {
              "Name": "tf_allow_tls"
            },
            "timeouts": null,
            "vpc_id": "vpc-0586dd77144d6fe82"
          },
          "sensitive_attributes": [],
          "private": "eyJlMmJmYjczMC1lY2FhLTExZTYtOGY4OC0zNDM2M2JjN2M0YzAiOnsiY3JlYXRlIjo2MDAwMDAwMDAwMDAsImRlbGV0ZSI6OTAwMDAwMDAwMDAwfSwic2NoZW1hX3ZlcnNpb24iOiIxIn0=",
          "dependencies": [
            "aws_vpc.tf_main_cb"
          ]
        }
      ]
    },
    {
      "mode": "managed",
      "type": "aws_security_group",
      "name": "cb_nodes",
      "provider": "provider[\"registry.terraform.io/hashicorp/aws\"]",
      "instances": [
        {
          "schema_version": 1,
          "attributes": {
            "arn": "arn:aws:ec2:us-west-2:756849292726:security-group/sg-018099eb769b7b3dc",
            "description": "Couchbase nodes ",
            "egress": [
              {
                "cidr_blocks": [
                  "0.0.0.0/0"
                ],
                "description": "Egress Ports",
                "from_port": 0,
                "ipv6_cidr_blocks": [
                  "::/0"
                ],
                "prefix_list_ids": [],
                "protocol": "-1",
                "security_groups": [],
                "self": false,
                "to_port": 0
              }
            ],
            "id": "sg-018099eb769b7b3dc",
            "ingress": [
              {
                "cidr_blocks": [
                  "0.0.0.0/0"
                ],
                "description": "Client Ports HTTPS ",
                "from_port": 18091,
                "ipv6_cidr_blocks": [],
                "prefix_list_ids": [],
                "protocol": "tcp",
                "security_groups": [],
                "self": true,
                "to_port": 18097
              },
              {
                "cidr_blocks": [
                  "10.0.0.0/16"
                ],
                "description": "Encrypted Mode-to-Node",
                "from_port": 0,
                "ipv6_cidr_blocks": [],
                "prefix_list_ids": [],
                "protocol": "tcp",
                "security_groups": [],
                "self": true,
                "to_port": 65535
              },
              {
                "cidr_blocks": [
                  "10.0.0.0/16"
                ],
                "description": "Unencrypted Mode-to-Node",
                "from_port": 8091,
                "ipv6_cidr_blocks": [],
                "prefix_list_ids": [],
                "protocol": "tcp",
                "security_groups": [],
                "self": true,
                "to_port": 21350
              },
              {
                "cidr_blocks": [
                  "73.246.73.171/32"
                ],
                "description": "Client Port Import HTTPS ",
                "from_port": 11207,
                "ipv6_cidr_blocks": [],
                "prefix_list_ids": [],
                "protocol": "tcp",
                "security_groups": [],
                "self": true,
                "to_port": 11210
              }
            ],
            "name": "couchbase_nodes",
            "name_prefix": "",
            "owner_id": "756849292726",
            "revoke_rules_on_delete": false,
            "tags": {
              "Name": "tf_elk_es_nodes"
            },
            "tags_all": {
              "Name": "tf_elk_es_nodes"
            },
            "timeouts": null,
            "vpc_id": "vpc-0586dd77144d6fe82"
          },
          "sensitive_attributes": [],
          "private": "eyJlMmJmYjczMC1lY2FhLTExZTYtOGY4OC0zNDM2M2JjN2M0YzAiOnsiY3JlYXRlIjo2MDAwMDAwMDAwMDAsImRlbGV0ZSI6OTAwMDAwMDAwMDAwfSwic2NoZW1hX3ZlcnNpb24iOiIxIn0=",
          "dependencies": [
            "aws_vpc.tf_main_cb"
          ]
        }
      ]
    },
    {
      "mode": "managed",
      "type": "aws_subnet",
      "name": "tf_main_cb",
      "provider": "provider[\"registry.terraform.io/hashicorp/aws\"]",
      "instances": [
        {
          "schema_version": 1,
          "attributes": {
            "arn": "arn:aws:ec2:us-west-2:756849292726:subnet/subnet-0022c9461552435de",
            "assign_ipv6_address_on_creation": false,
            "availability_zone": "us-west-2a",
            "availability_zone_id": "usw2-az2",
            "cidr_block": "10.0.1.0/24",
            "customer_owned_ipv4_pool": "",
            "enable_dns64": false,
            "enable_resource_name_dns_a_record_on_launch": false,
            "enable_resource_name_dns_aaaa_record_on_launch": false,
            "id": "subnet-0022c9461552435de",
            "ipv6_cidr_block": "",
            "ipv6_cidr_block_association_id": "",
            "ipv6_native": false,
            "map_customer_owned_ip_on_launch": false,
            "map_public_ip_on_launch": false,
            "outpost_arn": "",
            "owner_id": "756849292726",
            "private_dns_hostname_type_on_launch": "ip-name",
            "tags": {
              "Name": "tf-Main-cb-subnet"
            },
            "tags_all": {
              "Name": "tf-Main-cb-subnet"
            },
            "timeouts": null,
            "vpc_id": "vpc-0586dd77144d6fe82"
          },
          "sensitive_attributes": [],
          "private": "eyJlMmJmYjczMC1lY2FhLTExZTYtOGY4OC0zNDM2M2JjN2M0YzAiOnsiY3JlYXRlIjo2MDAwMDAwMDAwMDAsImRlbGV0ZSI6MTIwMDAwMDAwMDAwMH0sInNjaGVtYV92ZXJzaW9uIjoiMSJ9",
          "dependencies": [
            "aws_vpc.tf_main_cb"
          ]
        }
      ]
    },
    {
      "mode": "managed",
      "type": "aws_volume_attachment",
      "name": "ebs_att",
      "provider": "provider[\"registry.terraform.io/hashicorp/aws\"]",
      "instances": [
        {
          "schema_version": 0,
          "attributes": {
            "device_name": "/dev/sdh",
            "force_detach": null,
            "id": "vai-3907423007",
            "instance_id": "i-040dfb17d57633764",
            "skip_destroy": null,
            "stop_instance_before_detaching": null,
            "volume_id": "vol-08669c9af03e2386d"
          },
          "sensitive_attributes": [],
          "private": "bnVsbA==",
          "dependencies": [
            "aws_security_group.allow_tls",
            "aws_security_group.cb_nodes",
            "aws_subnet.tf_main_cb",
            "aws_vpc.tf_main_cb",
            "aws_ebs_volume.cbdata_import",
            "aws_instance.cbimport_server"
          ]
        }
      ]
    },
    {
      "mode": "managed",
      "type": "aws_vpc",
      "name": "tf_main_cb",
      "provider": "provider[\"registry.terraform.io/hashicorp/aws\"]",
      "instances": [
        {
          "schema_version": 1,
          "attributes": {
            "arn": "arn:aws:ec2:us-west-2:756849292726:vpc/vpc-0586dd77144d6fe82",
            "assign_generated_ipv6_cidr_block": false,
            "cidr_block": "10.0.0.0/16",
            "default_network_acl_id": "acl-06c82e28061342e25",
            "default_route_table_id": "rtb-071baf9a89c54c8d9",
            "default_security_group_id": "sg-0c6157351da7227d8",
            "dhcp_options_id": "dopt-cfa1e9b7",
            "enable_classiclink": false,
            "enable_classiclink_dns_support": false,
            "enable_dns_hostnames": true,
            "enable_dns_support": true,
            "id": "vpc-0586dd77144d6fe82",
            "instance_tenancy": "default",
            "ipv4_ipam_pool_id": null,
            "ipv4_netmask_length": null,
            "ipv6_association_id": "",
            "ipv6_cidr_block": "",
            "ipv6_cidr_block_network_border_group": "",
            "ipv6_ipam_pool_id": "",
            "ipv6_netmask_length": 0,
            "main_route_table_id": "rtb-071baf9a89c54c8d9",
            "owner_id": "756849292726",
            "tags": {
              "Name": "tf-main-cb-vpc"
            },
            "tags_all": {
              "Name": "tf-main-cb-vpc"
            }
          },
          "sensitive_attributes": [],
          "private": "eyJzY2hlbWFfdmVyc2lvbiI6IjEifQ=="
        }
      ]
    },
    {
      "module": "module.ec2_instance[\"cb-index01\"]",
      "mode": "managed",
      "type": "aws_instance",
      "name": "this",
      "provider": "provider[\"registry.terraform.io/hashicorp/aws\"]",
      "instances": [
        {
          "index_key": 0,
          "schema_version": 1,
          "attributes": {
            "ami": "ami-0849a313b038afda0",
            "arn": "arn:aws:ec2:us-west-2:756849292726:instance/i-0cac985fa64060051",
            "associate_public_ip_address": true,
            "availability_zone": "us-west-2a",
            "capacity_reservation_specification": [
              {
                "capacity_reservation_preference": "open",
                "capacity_reservation_target": []
              }
            ],
            "cpu_core_count": 4,
            "cpu_threads_per_core": 2,
            "credit_specification": [
              {
                "cpu_credits": null
              }
            ],
            "disable_api_termination": false,
            "ebs_block_device": [],
            "ebs_optimized": false,
            "enclave_options": [
              {
                "enabled": false
              }
            ],
            "ephemeral_block_device": [],
            "get_password_data": false,
            "hibernation": false,
            "host_id": null,
            "iam_instance_profile": "EC2RoleForSSMandS3",
            "id": "i-0cac985fa64060051",
            "instance_initiated_shutdown_behavior": "stop",
            "instance_state": "running",
            "instance_type": "m5d.2xlarge",
            "ipv6_address_count": 0,
            "ipv6_addresses": [],
            "key_name": "id_rsa",
            "launch_template": [],
            "metadata_options": [
              {
                "http_endpoint": "enabled",
                "http_put_response_hop_limit": 1,
                "http_tokens": "optional",
                "instance_metadata_tags": "disabled"
              }
            ],
            "monitoring": true,
            "network_interface": [],
            "outpost_arn": "",
            "password_data": "",
            "placement_group": "",
            "placement_partition_number": null,
            "primary_network_interface_id": "eni-0953556bdc994dcd4",
            "private_dns": "ip-10-0-1-73.us-west-2.compute.internal",
            "private_ip": "10.0.1.73",
            "public_dns": "ec2-35-88-178-99.us-west-2.compute.amazonaws.com",
            "public_ip": "35.88.178.99",
            "root_block_device": [
              {
                "delete_on_termination": true,
                "device_name": "/dev/xvda",
                "encrypted": false,
                "iops": 100,
                "kms_key_id": "",
                "tags": {},
                "throughput": 0,
                "volume_id": "vol-0b7e5f04b8811a07f",
                "volume_size": 8,
                "volume_type": "gp2"
              }
            ],
            "secondary_private_ips": [],
            "security_groups": [],
            "source_dest_check": true,
            "subnet_id": "subnet-0022c9461552435de",
            "tags": {
              "Environment": "dev",
              "Name": "tf-elk-cb-index01",
              "Terraform": "true"
            },
            "tags_all": {
              "Environment": "dev",
              "Name": "tf-elk-cb-index01",
              "Terraform": "true"
            },
            "tenancy": "default",
            "timeouts": {
              "create": null,
              "delete": null,
              "update": null
            },
            "user_data": "faa725096257cfe50b65fdabaebd5ebea5cb9fa9",
            "user_data_base64": null,
            "volume_tags": {
              "Name": "tf-elk-cb-index01"
            },
            "vpc_security_group_ids": [
              "sg-018099eb769b7b3dc",
              "sg-0828d84630fc66db6"
            ]
          },
          "sensitive_attributes": [],
          "private": "eyJlMmJmYjczMC1lY2FhLTExZTYtOGY4OC0zNDM2M2JjN2M0YzAiOnsiY3JlYXRlIjo2MDAwMDAwMDAwMDAsImRlbGV0ZSI6MTIwMDAwMDAwMDAwMCwidXBkYXRlIjo2MDAwMDAwMDAwMDB9LCJzY2hlbWFfdmVyc2lvbiI6IjEifQ==",
          "dependencies": [
            "aws_security_group.allow_tls",
            "aws_security_group.cb_nodes",
            "aws_subnet.tf_main_cb",
            "data.aws_ami.amazon-2"
          ]
        }
      ]
    },
    {
      "module": "module.ec2_instance[\"cb-index02\"]",
      "mode": "managed",
      "type": "aws_instance",
      "name": "this",
      "provider": "provider[\"registry.terraform.io/hashicorp/aws\"]",
      "instances": [
        {
          "index_key": 0,
          "schema_version": 1,
          "attributes": {
            "ami": "ami-0849a313b038afda0",
            "arn": "arn:aws:ec2:us-west-2:756849292726:instance/i-0b7aa75f22132bcc5",
            "associate_public_ip_address": true,
            "availability_zone": "us-west-2a",
            "capacity_reservation_specification": [
              {
                "capacity_reservation_preference": "open",
                "capacity_reservation_target": []
              }
            ],
            "cpu_core_count": 4,
            "cpu_threads_per_core": 2,
            "credit_specification": [
              {
                "cpu_credits": null
              }
            ],
            "disable_api_termination": false,
            "ebs_block_device": [],
            "ebs_optimized": false,
            "enclave_options": [
              {
                "enabled": false
              }
            ],
            "ephemeral_block_device": [],
            "get_password_data": false,
            "hibernation": false,
            "host_id": null,
            "iam_instance_profile": "EC2RoleForSSMandS3",
            "id": "i-0b7aa75f22132bcc5",
            "instance_initiated_shutdown_behavior": "stop",
            "instance_state": "running",
            "instance_type": "m5d.2xlarge",
            "ipv6_address_count": 0,
            "ipv6_addresses": [],
            "key_name": "id_rsa",
            "launch_template": [],
            "metadata_options": [
              {
                "http_endpoint": "enabled",
                "http_put_response_hop_limit": 1,
                "http_tokens": "optional",
                "instance_metadata_tags": "disabled"
              }
            ],
            "monitoring": true,
            "network_interface": [],
            "outpost_arn": "",
            "password_data": "",
            "placement_group": "",
            "placement_partition_number": null,
            "primary_network_interface_id": "eni-06e1e00fdc925fbe3",
            "private_dns": "ip-10-0-1-151.us-west-2.compute.internal",
            "private_ip": "10.0.1.151",
            "public_dns": "ec2-52-10-95-115.us-west-2.compute.amazonaws.com",
            "public_ip": "52.10.95.115",
            "root_block_device": [
              {
                "delete_on_termination": true,
                "device_name": "/dev/xvda",
                "encrypted": false,
                "iops": 100,
                "kms_key_id": "",
                "tags": {},
                "throughput": 0,
                "volume_id": "vol-05d16d843683b4d2b",
                "volume_size": 8,
                "volume_type": "gp2"
              }
            ],
            "secondary_private_ips": [],
            "security_groups": [],
            "source_dest_check": true,
            "subnet_id": "subnet-0022c9461552435de",
            "tags": {
              "Environment": "dev",
              "Name": "tf-elk-cb-index02",
              "Terraform": "true"
            },
            "tags_all": {
              "Environment": "dev",
              "Name": "tf-elk-cb-index02",
              "Terraform": "true"
            },
            "tenancy": "default",
            "timeouts": {
              "create": null,
              "delete": null,
              "update": null
            },
            "user_data": "faa725096257cfe50b65fdabaebd5ebea5cb9fa9",
            "user_data_base64": null,
            "volume_tags": {
              "Name": "tf-elk-cb-index02"
            },
            "vpc_security_group_ids": [
              "sg-018099eb769b7b3dc",
              "sg-0828d84630fc66db6"
            ]
          },
          "sensitive_attributes": [],
          "private": "eyJlMmJmYjczMC1lY2FhLTExZTYtOGY4OC0zNDM2M2JjN2M0YzAiOnsiY3JlYXRlIjo2MDAwMDAwMDAwMDAsImRlbGV0ZSI6MTIwMDAwMDAwMDAwMCwidXBkYXRlIjo2MDAwMDAwMDAwMDB9LCJzY2hlbWFfdmVyc2lvbiI6IjEifQ==",
          "dependencies": [
            "aws_security_group.allow_tls",
            "aws_security_group.cb_nodes",
            "aws_subnet.tf_main_cb",
            "data.aws_ami.amazon-2"
          ]
        }
      ]
    },
    {
      "module": "module.ec2_instance[\"cb01\"]",
      "mode": "managed",
      "type": "aws_instance",
      "name": "this",
      "provider": "provider[\"registry.terraform.io/hashicorp/aws\"]",
      "instances": [
        {
          "index_key": 0,
          "schema_version": 1,
          "attributes": {
            "ami": "ami-0849a313b038afda0",
            "arn": "arn:aws:ec2:us-west-2:756849292726:instance/i-05709b9ae8d8e8caf",
            "associate_public_ip_address": true,
            "availability_zone": "us-west-2a",
            "capacity_reservation_specification": [
              {
                "capacity_reservation_preference": "open",
                "capacity_reservation_target": []
              }
            ],
            "cpu_core_count": 4,
            "cpu_threads_per_core": 2,
            "credit_specification": [
              {
                "cpu_credits": null
              }
            ],
            "disable_api_termination": false,
            "ebs_block_device": [],
            "ebs_optimized": false,
            "enclave_options": [
              {
                "enabled": false
              }
            ],
            "ephemeral_block_device": [],
            "get_password_data": false,
            "hibernation": false,
            "host_id": null,
            "iam_instance_profile": "EC2RoleForSSMandS3",
            "id": "i-05709b9ae8d8e8caf",
            "instance_initiated_shutdown_behavior": "stop",
            "instance_state": "running",
            "instance_type": "m5d.2xlarge",
            "ipv6_address_count": 0,
            "ipv6_addresses": [],
            "key_name": "id_rsa",
            "launch_template": [],
            "metadata_options": [
              {
                "http_endpoint": "enabled",
                "http_put_response_hop_limit": 1,
                "http_tokens": "optional",
                "instance_metadata_tags": "disabled"
              }
            ],
            "monitoring": true,
            "network_interface": [],
            "outpost_arn": "",
            "password_data": "",
            "placement_group": "",
            "placement_partition_number": null,
            "primary_network_interface_id": "eni-021bc0840f717daba",
            "private_dns": "ip-10-0-1-215.us-west-2.compute.internal",
            "private_ip": "10.0.1.215",
            "public_dns": "ec2-35-91-133-62.us-west-2.compute.amazonaws.com",
            "public_ip": "35.91.133.62",
            "root_block_device": [
              {
                "delete_on_termination": true,
                "device_name": "/dev/xvda",
                "encrypted": false,
                "iops": 100,
                "kms_key_id": "",
                "tags": {},
                "throughput": 0,
                "volume_id": "vol-0621f20a459ca08ea",
                "volume_size": 8,
                "volume_type": "gp2"
              }
            ],
            "secondary_private_ips": [],
            "security_groups": [],
            "source_dest_check": true,
            "subnet_id": "subnet-0022c9461552435de",
            "tags": {
              "Environment": "dev",
              "Name": "tf-elk-cb01",
              "Terraform": "true"
            },
            "tags_all": {
              "Environment": "dev",
              "Name": "tf-elk-cb01",
              "Terraform": "true"
            },
            "tenancy": "default",
            "timeouts": {
              "create": null,
              "delete": null,
              "update": null
            },
            "user_data": "faa725096257cfe50b65fdabaebd5ebea5cb9fa9",
            "user_data_base64": null,
            "volume_tags": {
              "Name": "tf-elk-cb01"
            },
            "vpc_security_group_ids": [
              "sg-018099eb769b7b3dc",
              "sg-0828d84630fc66db6"
            ]
          },
          "sensitive_attributes": [],
          "private": "eyJlMmJmYjczMC1lY2FhLTExZTYtOGY4OC0zNDM2M2JjN2M0YzAiOnsiY3JlYXRlIjo2MDAwMDAwMDAwMDAsImRlbGV0ZSI6MTIwMDAwMDAwMDAwMCwidXBkYXRlIjo2MDAwMDAwMDAwMDB9LCJzY2hlbWFfdmVyc2lvbiI6IjEifQ==",
          "dependencies": [
            "aws_security_group.allow_tls",
            "aws_security_group.cb_nodes",
            "aws_subnet.tf_main_cb",
            "data.aws_ami.amazon-2"
          ]
        }
      ]
    },
    {
      "module": "module.ec2_instance[\"cb02\"]",
      "mode": "managed",
      "type": "aws_instance",
      "name": "this",
      "provider": "provider[\"registry.terraform.io/hashicorp/aws\"]",
      "instances": [
        {
          "index_key": 0,
          "schema_version": 1,
          "attributes": {
            "ami": "ami-0849a313b038afda0",
            "arn": "arn:aws:ec2:us-west-2:756849292726:instance/i-029915ec67c1ce1cd",
            "associate_public_ip_address": true,
            "availability_zone": "us-west-2a",
            "capacity_reservation_specification": [
              {
                "capacity_reservation_preference": "open",
                "capacity_reservation_target": []
              }
            ],
            "cpu_core_count": 4,
            "cpu_threads_per_core": 2,
            "credit_specification": [
              {
                "cpu_credits": null
              }
            ],
            "disable_api_termination": false,
            "ebs_block_device": [],
            "ebs_optimized": false,
            "enclave_options": [
              {
                "enabled": false
              }
            ],
            "ephemeral_block_device": [],
            "get_password_data": false,
            "hibernation": false,
            "host_id": null,
            "iam_instance_profile": "EC2RoleForSSMandS3",
            "id": "i-029915ec67c1ce1cd",
            "instance_initiated_shutdown_behavior": "stop",
            "instance_state": "running",
            "instance_type": "m5d.2xlarge",
            "ipv6_address_count": 0,
            "ipv6_addresses": [],
            "key_name": "id_rsa",
            "launch_template": [],
            "metadata_options": [
              {
                "http_endpoint": "enabled",
                "http_put_response_hop_limit": 1,
                "http_tokens": "optional",
                "instance_metadata_tags": "disabled"
              }
            ],
            "monitoring": true,
            "network_interface": [],
            "outpost_arn": "",
            "password_data": "",
            "placement_group": "",
            "placement_partition_number": null,
            "primary_network_interface_id": "eni-07a5d9af7efcdd33d",
            "private_dns": "ip-10-0-1-6.us-west-2.compute.internal",
            "private_ip": "10.0.1.6",
            "public_dns": "ec2-34-208-217-76.us-west-2.compute.amazonaws.com",
            "public_ip": "34.208.217.76",
            "root_block_device": [
              {
                "delete_on_termination": true,
                "device_name": "/dev/xvda",
                "encrypted": false,
                "iops": 100,
                "kms_key_id": "",
                "tags": {},
                "throughput": 0,
                "volume_id": "vol-0b0f9575fe81cfe7c",
                "volume_size": 8,
                "volume_type": "gp2"
              }
            ],
            "secondary_private_ips": [],
            "security_groups": [],
            "source_dest_check": true,
            "subnet_id": "subnet-0022c9461552435de",
            "tags": {
              "Environment": "dev",
              "Name": "tf-elk-cb02",
              "Terraform": "true"
            },
            "tags_all": {
              "Environment": "dev",
              "Name": "tf-elk-cb02",
              "Terraform": "true"
            },
            "tenancy": "default",
            "timeouts": {
              "create": null,
              "delete": null,
              "update": null
            },
            "user_data": "faa725096257cfe50b65fdabaebd5ebea5cb9fa9",
            "user_data_base64": null,
            "volume_tags": {
              "Name": "tf-elk-cb02"
            },
            "vpc_security_group_ids": [
              "sg-018099eb769b7b3dc",
              "sg-0828d84630fc66db6"
            ]
          },
          "sensitive_attributes": [],
          "private": "eyJlMmJmYjczMC1lY2FhLTExZTYtOGY4OC0zNDM2M2JjN2M0YzAiOnsiY3JlYXRlIjo2MDAwMDAwMDAwMDAsImRlbGV0ZSI6MTIwMDAwMDAwMDAwMCwidXBkYXRlIjo2MDAwMDAwMDAwMDB9LCJzY2hlbWFfdmVyc2lvbiI6IjEifQ==",
          "dependencies": [
            "aws_security_group.allow_tls",
            "aws_security_group.cb_nodes",
            "aws_subnet.tf_main_cb",
            "data.aws_ami.amazon-2"
          ]
        }
      ]
    },
    {
      "module": "module.ec2_instance[\"cb03\"]",
      "mode": "managed",
      "type": "aws_instance",
      "name": "this",
      "provider": "provider[\"registry.terraform.io/hashicorp/aws\"]",
      "instances": [
        {
          "index_key": 0,
          "schema_version": 1,
          "attributes": {
            "ami": "ami-0849a313b038afda0",
            "arn": "arn:aws:ec2:us-west-2:756849292726:instance/i-05394f540ca0527d5",
            "associate_public_ip_address": true,
            "availability_zone": "us-west-2a",
            "capacity_reservation_specification": [
              {
                "capacity_reservation_preference": "open",
                "capacity_reservation_target": []
              }
            ],
            "cpu_core_count": 4,
            "cpu_threads_per_core": 2,
            "credit_specification": [
              {
                "cpu_credits": null
              }
            ],
            "disable_api_termination": false,
            "ebs_block_device": [],
            "ebs_optimized": false,
            "enclave_options": [
              {
                "enabled": false
              }
            ],
            "ephemeral_block_device": [],
            "get_password_data": false,
            "hibernation": false,
            "host_id": null,
            "iam_instance_profile": "EC2RoleForSSMandS3",
            "id": "i-05394f540ca0527d5",
            "instance_initiated_shutdown_behavior": "stop",
            "instance_state": "running",
            "instance_type": "m5d.2xlarge",
            "ipv6_address_count": 0,
            "ipv6_addresses": [],
            "key_name": "id_rsa",
            "launch_template": [],
            "metadata_options": [
              {
                "http_endpoint": "enabled",
                "http_put_response_hop_limit": 1,
                "http_tokens": "optional",
                "instance_metadata_tags": "disabled"
              }
            ],
            "monitoring": true,
            "network_interface": [],
            "outpost_arn": "",
            "password_data": "",
            "placement_group": "",
            "placement_partition_number": null,
            "primary_network_interface_id": "eni-0a404d29738b0bb9c",
            "private_dns": "ip-10-0-1-223.us-west-2.compute.internal",
            "private_ip": "10.0.1.223",
            "public_dns": "ec2-34-221-79-133.us-west-2.compute.amazonaws.com",
            "public_ip": "34.221.79.133",
            "root_block_device": [
              {
                "delete_on_termination": true,
                "device_name": "/dev/xvda",
                "encrypted": false,
                "iops": 100,
                "kms_key_id": "",
                "tags": {},
                "throughput": 0,
                "volume_id": "vol-07448b19c24809f2e",
                "volume_size": 8,
                "volume_type": "gp2"
              }
            ],
            "secondary_private_ips": [],
            "security_groups": [],
            "source_dest_check": true,
            "subnet_id": "subnet-0022c9461552435de",
            "tags": {
              "Environment": "dev",
              "Name": "tf-elk-cb03",
              "Terraform": "true"
            },
            "tags_all": {
              "Environment": "dev",
              "Name": "tf-elk-cb03",
              "Terraform": "true"
            },
            "tenancy": "default",
            "timeouts": {
              "create": null,
              "delete": null,
              "update": null
            },
            "user_data": "faa725096257cfe50b65fdabaebd5ebea5cb9fa9",
            "user_data_base64": null,
            "volume_tags": {
              "Name": "tf-elk-cb03"
            },
            "vpc_security_group_ids": [
              "sg-018099eb769b7b3dc",
              "sg-0828d84630fc66db6"
            ]
          },
          "sensitive_attributes": [],
          "private": "eyJlMmJmYjczMC1lY2FhLTExZTYtOGY4OC0zNDM2M2JjN2M0YzAiOnsiY3JlYXRlIjo2MDAwMDAwMDAwMDAsImRlbGV0ZSI6MTIwMDAwMDAwMDAwMCwidXBkYXRlIjo2MDAwMDAwMDAwMDB9LCJzY2hlbWFfdmVyc2lvbiI6IjEifQ==",
          "dependencies": [
            "aws_security_group.allow_tls",
            "aws_security_group.cb_nodes",
            "aws_subnet.tf_main_cb",
            "data.aws_ami.amazon-2"
          ]
        }
      ]
    }
  ]
}
